Microsoft Visual Studio Solution File, Format Version 12.00
# Visual Studio Version 16
VisualStudioVersion = 16.0.28729.10
MinimumVisualStudioVersion = 10.0.40219.1
Project("{FAE04EC0-301F-11D3-BF4B-00C04F79EFBC}") = "CrudDatastore.NetStandard20", "CrudDatastore.NetStandard20\CrudDatastore.NetStandard20.csproj", "{986F3CFC-76CE-4B20-BCB0-70762CAC0AB5}"
EndProject
Project("{FAE04EC0-301F-11D3-BF4B-00C04F79EFBC}") = "CrudDatastore.Net45", "CrudDatastore.Net45\CrudDatastore.Net45.csproj", "{025F88AB-F349-4A8A-ABB5-2C71F4B1DBA2}"
EndProject
Project("{FAE04EC0-301F-11D3-BF4B-00C04F79EFBC}") = "CrudDatastore.Net45.Test", "CrudDatastore.Net45.Test\CrudDatastore.Net45.Test.csproj", "{FD9FDCC3-EDFA-4FB8-A394-F14DE84A4017}"
EndProject
Project("{2150E333-8FDC-42A3-9474-1A3956D46DE8}") = "CrudDatastore", "CrudDatastore", "{E4DFC841-F73F-42A4-8391-B5C94FBE8FD6}"
	ProjectSection(SolutionItems) = preProject
		CrudDatastore\CrudDatastore.nuspec = CrudDatastore\CrudDatastore.nuspec
		CrudDatastore\DataContextBase.cs = CrudDatastore\DataContextBase.cs
		CrudDatastore\DataQuery.cs = CrudDatastore\DataQuery.cs
		CrudDatastore\DataStore.cs = CrudDatastore\DataStore.cs
		CrudDatastore\DelegateCrudAdapter.cs = CrudDatastore\DelegateCrudAdapter.cs
		CrudDatastore\DelegateQueryAdapter.cs = CrudDatastore\DelegateQueryAdapter.cs
		CrudDatastore\EntityBase.cs = CrudDatastore\EntityBase.cs
		CrudDatastore\ICrud.cs = CrudDatastore\ICrud.cs
		CrudDatastore\IDataContext.cs = CrudDatastore\IDataContext.cs
		CrudDatastore\IDataQuery.cs = CrudDatastore\IDataQuery.cs
		CrudDatastore\IDataStore.cs = CrudDatastore\IDataStore.cs
		CrudDatastore\IQuery.cs = CrudDatastore\IQuery.cs
		CrudDatastore\ISpecification.cs = CrudDatastore\ISpecification.cs
		CrudDatastore\IUnitOfWork.cs = CrudDatastore\IUnitOfWork.cs
		CrudDatastore\Specification.cs = CrudDatastore\Specification.cs
		CrudDatastore\UnitOfWorkBase.cs = CrudDatastore\UnitOfWorkBase.cs
		CrudDatastore\Extensions.cs = CrudDatastore\Extensions.cs
		CrudDatastore\AssemblyInfo.cs = CrudDatastore\AssemblyInfo.cs
		CrudDatastore\CrudDatastore.EntityFramework.nuspec = CrudDatastore\CrudDatastore.EntityFramework.nuspec
		CrudDatastore\ICommand.cs = CrudDatastore\ICommand.cs
		CrudDatastore\Command.cs = CrudDatastore\Command.cs
		CrudDatastore\IDataCommand.cs = CrudDatastore\IDataCommand.cs
		CrudDatastore\DataQueryContextBase.cs = CrudDatastore\DataQueryContextBase.cs
		CrudDatastore\DataStoreContextBase.cs = CrudDatastore\DataStoreContextBase.cs
	EndProjectSection
EndProject
Project("{2150E333-8FDC-42A3-9474-1A3956D46DE8}") = "content", "content", "{ED9EE643-5486-4177-A268-787BDE999672}"
	ProjectSection(SolutionItems) = preProject
		CrudDatastore\content\DataContext.cs.pp = CrudDatastore\content\DataContext.cs.pp
		CrudDatastore\content\Identification.cs.pp = CrudDatastore\content\Identification.cs.pp
		CrudDatastore\content\Person.cs.pp = CrudDatastore\content\Person.cs.pp
		CrudDatastore\content\PersonSpecs.cs.pp = CrudDatastore\content\PersonSpecs.cs.pp
		CrudDatastore\content\UnitOfWorkEf.cs.pp = CrudDatastore\content\UnitOfWorkEf.cs.pp
		CrudDatastore\content\UnitOfWorkInMemory.cs.pp = CrudDatastore\content\UnitOfWorkInMemory.cs.pp
	EndProjectSection
EndProject
Project("{FAE04EC0-301F-11D3-BF4B-00C04F79EFBC}") = "CrudDatastore.NetStandard20.Test", "CrudDatastore.NetStandard20.Test\CrudDatastore.NetStandard20.Test.csproj", "{2D5179FA-A6E2-45E5-B45E-319C42FE8687}"
EndProject
Project("{2150E333-8FDC-42A3-9474-1A3956D46DE8}") = "test", "test", "{9CAC1585-B243-4915-9B08-4CC2F0BDDA78}"
	ProjectSection(SolutionItems) = preProject
		CrudDatastore\test\Identification.cs = CrudDatastore\test\Identification.cs
		CrudDatastore\test\Person.cs = CrudDatastore\test\Person.cs
		CrudDatastore\test\PersonSpecs.cs = CrudDatastore\test\PersonSpecs.cs
		CrudDatastore\test\UnitOfWorkInMemory.cs = CrudDatastore\test\UnitOfWorkInMemory.cs
		CrudDatastore\test\DataContextTest.cs = CrudDatastore\test\DataContextTest.cs
	EndProjectSection
EndProject
Project("{2150E333-8FDC-42A3-9474-1A3956D46DE8}") = "Solution Items", "Solution Items", "{86FE9829-DF99-4A2A-8444-071664BC5CFD}"
	ProjectSection(SolutionItems) = preProject
		README.md = README.md
		LICENSE = LICENSE
	EndProjectSection
EndProject
Global
	GlobalSection(SolutionConfigurationPlatforms) = preSolution
		Debug|Any CPU = Debug|Any CPU
		Release|Any CPU = Release|Any CPU
	EndGlobalSection
	GlobalSection(ProjectConfigurationPlatforms) = postSolution
		{986F3CFC-76CE-4B20-BCB0-70762CAC0AB5}.Debug|Any CPU.ActiveCfg = Debug|Any CPU
		{986F3CFC-76CE-4B20-BCB0-70762CAC0AB5}.Debug|Any CPU.Build.0 = Debug|Any CPU
		{986F3CFC-76CE-4B20-BCB0-70762CAC0AB5}.Release|Any CPU.ActiveCfg = Release|Any CPU
		{986F3CFC-76CE-4B20-BCB0-70762CAC0AB5}.Release|Any CPU.Build.0 = Release|Any CPU
		{025F88AB-F349-4A8A-ABB5-2C71F4B1DBA2}.Debug|Any CPU.ActiveCfg = Debug|Any CPU
		{025F88AB-F349-4A8A-ABB5-2C71F4B1DBA2}.Debug|Any CPU.Build.0 = Debug|Any CPU
		{025F88AB-F349-4A8A-ABB5-2C71F4B1DBA2}.Release|Any CPU.ActiveCfg = Release|Any CPU
		{025F88AB-F349-4A8A-ABB5-2C71F4B1DBA2}.Release|Any CPU.Build.0 = Release|Any CPU
		{FD9FDCC3-EDFA-4FB8-A394-F14DE84A4017}.Debug|Any CPU.ActiveCfg = Debug|Any CPU
		{FD9FDCC3-EDFA-4FB8-A394-F14DE84A4017}.Debug|Any CPU.Build.0 = Debug|Any CPU
		{FD9FDCC3-EDFA-4FB8-A394-F14DE84A4017}.Release|Any CPU.ActiveCfg = Release|Any CPU
		{FD9FDCC3-EDFA-4FB8-A394-F14DE84A4017}.Release|Any CPU.Build.0 = Release|Any CPU
		{2D5179FA-A6E2-45E5-B45E-319C42FE8687}.Debug|Any CPU.ActiveCfg = Debug|Any CPU
		{2D5179FA-A6E2-45E5-B45E-319C42FE8687}.Debug|Any CPU.Build.0 = Debug|Any CPU
		{2D5179FA-A6E2-45E5-B45E-319C42FE8687}.Release|Any CPU.ActiveCfg = Release|Any CPU
		{2D5179FA-A6E2-45E5-B45E-319C42FE8687}.Release|Any CPU.Build.0 = Release|Any CPU
	EndGlobalSection
	GlobalSection(SolutionProperties) = preSolution
		HideSolutionNode = FALSE
	EndGlobalSection
	GlobalSection(NestedProjects) = preSolution
		{ED9EE643-5486-4177-A268-787BDE999672} = {E4DFC841-F73F-42A4-8391-B5C94FBE8FD6}
		{9CAC1585-B243-4915-9B08-4CC2F0BDDA78} = {E4DFC841-F73F-42A4-8391-B5C94FBE8FD6}
	EndGlobalSection
	GlobalSection(ExtensibilityGlobals) = postSolution
		SolutionGuid = {37439D04-CAA6-4474-9F20-3BEE79C91D04}
	EndGlobalSection
	GlobalSection(MonoDevelopProperties) = preSolution
		version = 1.1
		Policies = $0
		$0.DotNetNamingPolicy = $1
		$1.DirectoryNamespaceAssociation = PrefixedHierarchical
		$0.VersionControlPolicy = $2
	EndGlobalSection
EndGlobal
