Microsoft Visual Studio Solution File, Format Version 12.00
# Visual Studio Version 17
VisualStudioVersion = 17.14.36408.4
MinimumVisualStudioVersion = 10.0.40219.1
Project("{FAE04EC0-301F-11D3-BF4B-00C04F79EFBC}") = "CrudDatastore.NetStandard20", "src\CrudDatastore.NetStandard20\CrudDatastore.NetStandard20.csproj", "{0F574886-57D8-48E1-BF34-208EC1512055}"
EndProject
Project("{FAE04EC0-301F-11D3-BF4B-00C04F79EFBC}") = "CrudDatastore.Net481", "src\CrudDatastore.Net481\CrudDatastore.Net481.csproj", "{52C085CC-7C03-412E-93A2-4506A23F18CA}"
EndProject
Project("{FAE04EC0-301F-11D3-BF4B-00C04F79EFBC}") = "CrudDatastore.Net8", "src\CrudDatastore.Net8\CrudDatastore.Net8.csproj", "{40CAB2C3-80C7-4F9F-92CA-E50B05B09EE7}"
EndProject
Project("{FAE04EC0-301F-11D3-BF4B-00C04F79EFBC}") = "CrudDatastore.Net10", "src\CrudDatastore.Net10\CrudDatastore.Net10.csproj", "{D170A8C3-FEE5-4A57-9EE8-53493CC6F77E}"
EndProject
Global
	GlobalSection(SolutionConfigurationPlatforms) = preSolution
		Debug|Any CPU = Debug|Any CPU
		Release|Any CPU = Release|Any CPU
	EndGlobalSection
	GlobalSection(ProjectConfigurationPlatforms) = postSolution
		{0F574886-57D8-48E1-BF34-208EC1512055}.Debug|Any CPU.ActiveCfg = Debug|Any CPU
		{0F574886-57D8-48E1-BF34-208EC1512055}.Debug|Any CPU.Build.0 = Debug|Any CPU
		{0F574886-57D8-48E1-BF34-208EC1512055}.Release|Any CPU.ActiveCfg = Release|Any CPU
		{0F574886-57D8-48E1-BF34-208EC1512055}.Release|Any CPU.Build.0 = Release|Any CPU
		{52C085CC-7C03-412E-93A2-4506A23F18CA}.Debug|Any CPU.ActiveCfg = Debug|Any CPU
		{52C085CC-7C03-412E-93A2-4506A23F18CA}.Debug|Any CPU.Build.0 = Debug|Any CPU
		{52C085CC-7C03-412E-93A2-4506A23F18CA}.Release|Any CPU.ActiveCfg = Release|Any CPU
		{52C085CC-7C03-412E-93A2-4506A23F18CA}.Release|Any CPU.Build.0 = Release|Any CPU
		{40CAB2C3-80C7-4F9F-92CA-E50B05B09EE7}.Debug|Any CPU.ActiveCfg = Debug|Any CPU
		{40CAB2C3-80C7-4F9F-92CA-E50B05B09EE7}.Debug|Any CPU.Build.0 = Debug|Any CPU
		{40CAB2C3-80C7-4F9F-92CA-E50B05B09EE7}.Release|Any CPU.ActiveCfg = Release|Any CPU
		{40CAB2C3-80C7-4F9F-92CA-E50B05B09EE7}.Release|Any CPU.Build.0 = Release|Any CPU
		{D170A8C3-FEE5-4A57-9EE8-53493CC6F77E}.Debug|Any CPU.ActiveCfg = Debug|Any CPU
		{D170A8C3-FEE5-4A57-9EE8-53493CC6F77E}.Debug|Any CPU.Build.0 = Debug|Any CPU
		{D170A8C3-FEE5-4A57-9EE8-53493CC6F77E}.Release|Any CPU.ActiveCfg = Release|Any CPU
		{D170A8C3-FEE5-4A57-9EE8-53493CC6F77E}.Release|Any CPU.Build.0 = Release|Any CPU
	EndGlobalSection
	GlobalSection(SolutionProperties) = preSolution
		HideSolutionNode = FALSE
	EndGlobalSection
	GlobalSection(ExtensibilityGlobals) = postSolution
		SolutionGuid = {B93C4EB7-C9C4-445F-A8D3-44B28812A26B}
	EndGlobalSection
EndGlobal